
Microsoft Visual Studio Solution File, Format Version 12.00
# Visual Studio 15
VisualStudioVersion = 15.0.28307.489
MinimumVisualStudioVersion = 10.0.40219.1
Project("{FAE04EC0-301F-11D3-BF4B-00C04F79EFBC}") = "Line_Login_Example", "Line_Login_Example\Line_Login_Example.csproj", "{CAF33918-8E61-4169-8B61-00B5BC2DE4BD}"
EndProject
Project("{FAE04EC0-301F-11D3-BF4B-00C04F79EFBC}") = "Line_Login_MVC", "Line_Login_MVC\Line_Login_MVC.csproj", "{3D336541-7DCE-4025-80AB-5CAEFA1A92C6}"
EndProject
Global
	GlobalSection(SolutionConfigurationPlatforms) = preSolution
		Debug|Any CPU = Debug|Any CPU
		Release|Any CPU = Release|Any CPU
	EndGlobalSection
	GlobalSection(ProjectConfigurationPlatforms) = postSolution
		{CAF33918-8E61-4169-8B61-00B5BC2DE4BD}.Debug|Any CPU.ActiveCfg = Debug|Any CPU
		{CAF33918-8E61-4169-8B61-00B5BC2DE4BD}.Debug|Any CPU.Build.0 = Debug|Any CPU
		{CAF33918-8E61-4169-8B61-00B5BC2DE4BD}.Release|Any CPU.ActiveCfg = Release|Any CPU
		{CAF33918-8E61-4169-8B61-00B5BC2DE4BD}.Release|Any CPU.Build.0 = Release|Any CPU
		{3D336541-7DCE-4025-80AB-5CAEFA1A92C6}.Debug|Any CPU.ActiveCfg = Debug|Any CPU
		{3D336541-7DCE-4025-80AB-5CAEFA1A92C6}.Debug|Any CPU.Build.0 = Debug|Any CPU
		{3D336541-7DCE-4025-80AB-5CAEFA1A92C6}.Release|Any CPU.ActiveCfg = Release|Any CPU
		{3D336541-7DCE-4025-80AB-5CAEFA1A92C6}.Release|Any CPU.Build.0 = Release|Any CPU
	EndGlobalSection
	GlobalSection(SolutionProperties) = preSolution
		HideSolutionNode = FALSE
	EndGlobalSection
	GlobalSection(ExtensibilityGlobals) = postSolution
		SolutionGuid = {4C0EA997-3BE0-4CD5-BB30-34D90F8A8761}
	EndGlobalSection
EndGlobal
